// !$*UTF8*$!
{
	archiveVersion = 1;
	classes = {
	};
	objectVersion = 48;
	objects = {

/* Begin PBXBuildFile section */
		9B919C2B3F5FEB5AAC213D7A /* Pods_pomodorable.framework in Frameworks */ = {isa = PBXBuildFile; fileRef = 8AEE3E1C21A55C32A44400F5 /* Pods_pomodorable.framework */; };
		BFF4E85E1FBBCE570029D5EF /* AppDelegate.swift in Sources */ = {isa = PBXBuildFile; fileRef = BFF4E85D1FBBCE570029D5EF /* AppDelegate.swift */; };
		BFF4E8601FBBCE570029D5EF /* ViewController.swift in Sources */ = {isa = PBXBuildFile; fileRef = BFF4E85F1FBBCE570029D5EF /* ViewController.swift */; };
		BFF4E8631FBBCE570029D5EF /* Main.storyboard in Resources */ = {isa = PBXBuildFile; fileRef = BFF4E8611FBBCE570029D5EF /* Main.storyboard */; };
		BFF4E8651FBBCE570029D5EF /* Assets.xcassets in Resources */ = {isa = PBXBuildFile; fileRef = BFF4E8641FBBCE570029D5EF /* Assets.xcassets */; };
		BFF4E8681FBBCE570029D5EF /* LaunchScreen.storyboard in Resources */ = {isa = PBXBuildFile; fileRef = BFF4E8661FBBCE570029D5EF /* LaunchScreen.storyboard */; };
/* End PBXBuildFile section */

/* Begin PBXFileReference section */
		11EF159DC68233F7ABC9DBE2 /* Pods-pomodorable.debug.xcconfig */ = {isa = PBXFileReference; includeInIndex = 1; lastKnownFileType = text.xcconfig; name = "Pods-pomodorable.debug.xcconfig"; path = "Pods/Target Support Files/Pods-pomodorable/Pods-pomodorable.debug.xcconfig"; sourceTree = "<group>"; };
		8AEE3E1C21A55C32A44400F5 /* Pods_pomodorable.framework */ = {isa = PBXFileReference; explicitFileType = wrapper.framework; includeInIndex = 0; path = Pods_pomodorable.framework; sourceTree = BUILT_PRODUCTS_DIR; };
		B78FB3869E0D81492B696658 /* Pods-pomodorable.release.xcconfig */ = {isa = PBXFileReference; includeInIndex = 1; lastKnownFileType = text.xcconfig; name = "Pods-pomodorable.release.xcconfig"; path = "Pods/Target Support Files/Pods-pomodorable/Pods-pomodorable.release.xcconfig"; sourceTree = "<group>"; };
		BFF4E85A1FBBCE560029D5EF /* pomodorable.app */ = {isa = PBXFileReference; explicitFileType = wrapper.application; includeInIndex = 0; path = pomodorable.app; sourceTree = BUILT_PRODUCTS_DIR; };
		BFF4E85D1FBBCE570029D5EF /* AppDelegate.swift */ = {isa = PBXFileReference; lastKnownFileType = sourcecode.swift; path = AppDelegate.swift; sourceTree = "<group>"; };
		BFF4E85F1FBBCE570029D5EF /* ViewController.swift */ = {isa = PBXFileReference; lastKnownFileType = sourcecode.swift; path = ViewController.swift; sourceTree = "<group>"; };
		BFF4E8621FBBCE570029D5EF /* Base */ = {isa = PBXFileReference; lastKnownFileType = file.storyboard; name = Base; path = Base.lproj/Main.storyboard; sourceTree = "<group>"; };
		BFF4E8641FBBCE570029D5EF /* Assets.xcassets */ = {isa = PBXFileReference; lastKnownFileType = folder.assetcatalog; path = Assets.xcassets; sourceTree = "<group>"; };
		BFF4E8671FBBCE570029D5EF /* Base */ = {isa = PBXFileReference; lastKnownFileType = file.storyboard; name = Base; path = Base.lproj/LaunchScreen.storyboard; sourceTree = "<group>"; };
		BFF4E8691FBBCE570029D5EF /* Info.plist */ = {isa = PBXFileReference; lastKnownFileType = text.plist.xml; path = Info.plist; sourceTree = "<group>"; };
/* End PBXFileReference section */

/* Begin PBXFrameworksBuildPhase section */
		BFF4E8571FBBCE560029D5EF /* Frameworks */ = {
			isa = PBXFrameworksBuildPhase;
			buildActionMask = 2147483647;
			files = (
				9B919C2B3F5FEB5AAC213D7A /* Pods_pomodorable.framework in Frameworks */,
			);
			runOnlyForDeploymentPostprocessing = 0;
		};
/* End PBXFrameworksBuildPhase section */

/* Begin PBXGroup section */
		85F949D71F512C112957BB6B /* Pods */ = {
			isa = PBXGroup;
			children = (
				11EF159DC68233F7ABC9DBE2 /* Pods-pomodorable.debug.xcconfig */,
				B78FB3869E0D81492B696658 /* Pods-pomodorable.release.xcconfig */,
			);
			name = Pods;
			sourceTree = "<group>";
		};
		AE5E34742C2680E1AC650295 /* Frameworks */ = {
			isa = PBXGroup;
			children = (
				8AEE3E1C21A55C32A44400F5 /* Pods_pomodorable.framework */,
			);
			name = Frameworks;
			sourceTree = "<group>";
		};
		BFF4E8511FBBCE560029D5EF = {
			isa = PBXGroup;
			children = (
				BFF4E85C1FBBCE560029D5EF /* pomodorable */,
				BFF4E85B1FBBCE560029D5EF /* Products */,
				85F949D71F512C112957BB6B /* Pods */,
				AE5E34742C2680E1AC650295 /* Frameworks */,
			);
			sourceTree = "<group>";
		};
		BFF4E85B1FBBCE560029D5EF /* Products */ = {
			isa = PBXGroup;
			children = (
				BFF4E85A1FBBCE560029D5EF /* pomodorable.app */,
			);
			name = Products;
			sourceTree = "<group>";
		};
		BFF4E85C1FBBCE560029D5EF /* pomodorable */ = {
			isa = PBXGroup;
			children = (
				BFF4E85D1FBBCE570029D5EF /* AppDelegate.swift */,
				BFF4E85F1FBBCE570029D5EF /* ViewController.swift */,
				BFF4E8611FBBCE570029D5EF /* Main.storyboard */,
				BFF4E8641FBBCE570029D5EF /* Assets.xcassets */,
				BFF4E8661FBBCE570029D5EF /* LaunchScreen.storyboard */,
				BFF4E8691FBBCE570029D5EF /* Info.plist */,
			);
			path = pomodorable;
			sourceTree = "<group>";
		};
/* End PBXGroup section */

/* Begin PBXNativeTarget section */
		BFF4E8591FBBCE560029D5EF /* pomodorable */ = {
			isa = PBXNativeTarget;
			buildConfigurationList = BFF4E86C1FBBCE570029D5EF /* Build configuration list for PBXNativeTarget "pomodorable" */;
			buildPhases = (
				64A69EB6DD79FA4039A65C5B /* [CP] Check Pods Manifest.lock */,
				BFF4E8561FBBCE560029D5EF /* Sources */,
				BFF4E8571FBBCE560029D5EF /* Frameworks */,
				BFF4E8581FBBCE560029D5EF /* Resources */,
				1CAB94773EF5F7FD19B9FA24 /* [CP] Embed Pods Frameworks */,
				4E253359B32851A9E60F14E8 /* [CP] Copy Pods Resources */,
			);
			buildRules = (
			);
			dependencies = (
			);
			name = pomodorable;
			productName = pomodorable;
			productReference = BFF4E85A1FBBCE560029D5EF /* pomodorable.app */;
			productType = "com.apple.product-type.application";
		};
/* End PBXNativeTarget section */

/* Begin PBXProject section */
		BFF4E8521FBBCE560029D5EF /* Project object */ = {
			isa = PBXProject;
			attributes = {
				LastSwiftUpdateCheck = 0910;
				LastUpgradeCheck = 0910;
				ORGANIZATIONNAME = "Peiyao Chen";
				TargetAttributes = {
					BFF4E8591FBBCE560029D5EF = {
						CreatedOnToolsVersion = 9.1;
						ProvisioningStyle = Automatic;
					};
				};
			};
			buildConfigurationList = BFF4E8551FBBCE560029D5EF /* Build configuration list for PBXProject "pomodorable" */;
			compatibilityVersion = "Xcode 8.0";
			developmentRegion = en;
			hasScannedForEncodings = 0;
			knownRegions = (
				en,
				Base,
			);
			mainGroup = BFF4E8511FBBCE560029D5EF;
			productRefGroup = BFF4E85B1FBBCE560029D5EF /* Products */;
			projectDirPath = "";
			projectRoot = "";
			targets = (
				BFF4E8591FBBCE560029D5EF /* pomodorable */,
			);
		};
/* End PBXProject section */

/* Begin PBXResourcesBuildPhase section */
		BFF4E8581FBBCE560029D5EF /* Resources */ = {
			isa = PBXResourcesBuildPhase;
			buildActionMask = 2147483647;
			files = (
				BFF4E8681FBBCE570029D5EF /* LaunchScreen.storyboard in Resources */,
				BFF4E8651FBBCE570029D5EF /* Assets.xcassets in Resources */,
				BFF4E8631FBBCE570029D5EF /* Main.storyboard in Resources */,
			);
			runOnlyForDeploymentPostprocessing = 0;
		};
/* End PBXResourcesBuildPhase section */

/* Begin PBXShellScriptBuildPhase section */
		1CAB94773EF5F7FD19B9FA24 /* [CP] Embed Pods Frameworks */ = {
			isa = PBXShellScriptBuildPhase;
			buildActionMask = 2147483647;
			files = (
			);
			inputPaths = (
				"${SRCROOT}/Pods/Target Support Files/Pods-pomodorable/Pods-pomodorable-frameworks.sh",
				"${BUILT_PRODUCTS_DIR}/GoogleToolboxForMac/GoogleToolboxForMac.framework",
				"${BUILT_PRODUCTS_DIR}/nanopb/nanopb.framework",
			);
			name = "[CP] Embed Pods Frameworks";
			outputPaths = (
				"${TARGET_BUILD_DIR}/${FRAMEWORKS_FOLDER_PATH}/GoogleToolboxForMac.framework",
				"${TARGET_BUILD_DIR}/${FRAMEWORKS_FOLDER_PATH}/nanopb.framework",
			);
			runOnlyForDeploymentPostprocessing = 0;
			shellPath = /bin/sh;
			shellScript = "\"${SRCROOT}/Pods/Target Support Files/Pods-pomodorable/Pods-pomodorable-frameworks.sh\"\n";
			showEnvVarsInLog = 0;
		};
		4E253359B32851A9E60F14E8 /* [CP] Copy Pods Resources */ = {
			isa = PBXShellScriptBuildPhase;
			buildActionMask = 2147483647;
			files = (
			);
			inputPaths = (
			);
			name = "[CP] Copy Pods Resources";
			outputPaths = (
			);
			runOnlyForDeploymentPostprocessing = 0;
			shellPath = /bin/sh;
			shellScript = "\"${SRCROOT}/Pods/Target Support Files/Pods-pomodorable/Pods-pomodorable-resources.sh\"\n";
			showEnvVarsInLog = 0;
		};
		64A69EB6DD79FA4039A65C5B /* [CP] Check Pods Manifest.lock */ = {
			isa = PBXShellScriptBuildPhase;
			buildActionMask = 2147483647;
			files = (
			);
			inputPaths = (
				"${PODS_PODFILE_DIR_PATH}/Podfile.lock",
				"${PODS_ROOT}/Manifest.lock",
			);
			name = "[CP] Check Pods Manifest.lock";
			outputPaths = (
				"$(DERIVED_FILE_DIR)/Pods-pomodorable-checkManifestLockResult.txt",
			);
			runOnlyForDeploymentPostprocessing = 0;
			shellPath = /bin/sh;
			shellScript = "diff \"${PODS_PODFILE_DIR_PATH}/Podfile.lock\" \"${PODS_ROOT}/Manifest.lock\" > /dev/null\nif [ $? != 0 ] ; then\n    # print error to STDERR\n    echo \"error: The sandbox is not in sync with the Podfile.lock. Run 'pod install' or update your CocoaPods installation.\" >&2\n    exit 1\nfi\n# This output is used by Xcode 'outputs' to avoid re-running this script phase.\necho \"SUCCESS\" > \"${SCRIPT_OUTPUT_FILE_0}\"\n";
			showEnvVarsInLog = 0;
		};
/* End PBXShellScriptBuildPhase section */

/* Begin PBXSourcesBuildPhase section */
		BFF4E8561FBBCE560029D5EF /* Sources */ = {
			isa = PBXSourcesBuildPhase;
			buildActionMask = 2147483647;
			files = (
				BFF4E8601FBBCE570029D5EF /* ViewController.swift in Sources */,
				BFF4E85E1FBBCE570029D5EF /* AppDelegate.swift in Sources */,
			);
			runOnlyForDeploymentPostprocessing = 0;
		};
/* End PBXSourcesBuildPhase section */

/* Begin PBXVariantGroup section */
		BFF4E8611FBBCE570029D5EF /* Main.storyboard */ = {
			isa = PBXVariantGroup;
			children = (
				BFF4E8621FBBCE570029D5EF /* Base */,
			);
			name = Main.storyboard;
			sourceTree = "<group>";
		};
		BFF4E8661FBBCE570029D5EF /* LaunchScreen.storyboard */ = {
			isa = PBXVariantGroup;
			children = (
				BFF4E8671FBBCE570029D5EF /* Base */,
			);
			name = LaunchScreen.storyboard;
			sourceTree = "<group>";
		};
/* End PBXVariantGroup section */

/* Begin XCBuildConfiguration section */
		BFF4E86A1FBBCE570029D5EF /* Debug */ = {
			isa = XCBuildConfiguration;
			buildSettings = {
				ALWAYS_SEARCH_USER_PATHS = NO;
				CLANG_ANALYZER_NONNULL = YES;
				CLANG_ANALYZER_NUMBER_OBJECT_CONVERSION = YES_AGGRESSIVE;
				CLANG_CXX_LANGUAGE_STANDARD = "gnu++14";
				CLANG_CXX_LIBRARY = "libc++";
				CLANG_ENABLE_MODULES = YES;
				CLANG_ENABLE_OBJC_ARC = YES;
				CLANG_WARN_BLOCK_CAPTURE_AUTORELEASING = YES;
				CLANG_WARN_BOOL_CONVERSION = YES;
				CLANG_WARN_COMMA = YES;
				CLANG_WARN_CONSTANT_CONVERSION = YES;
				CLANG_WARN_DIRECT_OBJC_ISA_USAGE = YES_ERROR;
				CLANG_WARN_DOCUMENTATION_COMMENTS = YES;
				CLANG_WARN_EMPTY_BODY = YES;
				CLANG_WARN_ENUM_CONVERSION = YES;
				CLANG_WARN_INFINITE_RECURSION = YES;
				CLANG_WARN_INT_CONVERSION = YES;
				CLANG_WARN_NON_LITERAL_NULL_CONVERSION = YES;
				CLANG_WARN_OBJC_LITERAL_CONVERSION = YES;
				CLANG_WARN_OBJC_ROOT_CLASS = YES_ERROR;
				CLANG_WARN_RANGE_LOOP_ANALYSIS = YES;
				CLANG_WARN_STRICT_PROTOTYPES = YES;
				CLANG_WARN_SUSPICIOUS_MOVE = YES;
				CLANG_WARN_UNGUARDED_AVAILABILITY = YES_AGGRESSIVE;
				CLANG_WARN_UNREACHABLE_CODE = YES;
				CLANG_WARN__DUPLICATE_METHOD_MATCH = YES;
				CODE_SIGN_IDENTITY = "iPhone Developer";
				COPY_PHASE_STRIP = NO;
				DEBUG_INFORMATION_FORMAT = dwarf;
				ENABLE_STRICT_OBJC_MSGSEND = YES;
				ENABLE_TESTABILITY = YES;
				GCC_C_LANGUAGE_STANDARD = gnu11;
				GCC_DYNAMIC_NO_PIC = NO;
				GCC_NO_COMMON_BLOCKS = YES;
				GCC_OPTIMIZATION_LEVEL = 0;
				GCC_PREPROCESSOR_DEFINITIONS = (
					"DEBUG=1",
					"$(inherited)",
				);
				GCC_WARN_64_TO_32_BIT_CONVERSION = YES;
				GCC_WARN_ABOUT_RETURN_TYPE = YES_ERROR;
				GCC_WARN_UNDECLARED_SELECTOR = YES;
				GCC_WARN_UNINITIALIZED_AUTOS = YES_AGGRESSIVE;
				GCC_WARN_UNUSED_FUNCTION = YES;
				GCC_WARN_UNUSED_VARIABLE = YES;
				IPHONEOS_DEPLOYMENT_TARGET = 11.1;
				MTL_ENABLE_DEBUG_INFO = YES;
				ONLY_ACTIVE_ARCH = YES;
				SDKROOT = iphoneos;
				SWIFT_ACTIVE_COMPILATION_CONDITIONS = DEBUG;
				SWIFT_OPTIMIZATION_LEVEL = "-Onone";
			};
			name = Debug;
		};
		BFF4E86B1FBBCE570029D5EF /* Release */ = {
			isa = XCBuildConfiguration;
			buildSettings = {
				ALWAYS_SEARCH_USER_PATHS = NO;
				CLANG_ANALYZER_NONNULL = YES;
				CLANG_ANALYZER_NUMBER_OBJECT_CONVERSION = YES_AGGRESSIVE;
				CLANG_CXX_LANGUAGE_STANDARD = "gnu++14";
				CLANG_CXX_LIBRARY = "libc++";
				CLANG_ENABLE_MODULES = YES;
				CLANG_ENABLE_OBJC_ARC = YES;
				CLANG_WARN_BLOCK_CAPTURE_AUTORELEASING = YES;
				CLANG_WARN_BOOL_CONVERSION = YES;
				CLANG_WARN_COMMA = YES;
				CLANG_WARN_CONSTANT_CONVERSION = YES;
				CLANG_WARN_DIRECT_OBJC_ISA_USAGE = YES_ERROR;
				CLANG_WARN_DOCUMENTATION_COMMENTS = YES;
				CLANG_WARN_EMPTY_BODY = YES;
				CLANG_WARN_ENUM_CONVERSION = YES;
				CLANG_WARN_INFINITE_RECURSION = YES;
				CLANG_WARN_INT_CONVERSION = YES;
				CLANG_WARN_NON_LITERAL_NULL_CONVERSION = YES;
				CLANG_WARN_OBJC_LITERAL_CONVERSION = YES;
				CLANG_WARN_OBJC_ROOT_CLASS = YES_ERROR;
				CLANG_WARN_RANGE_LOOP_ANALYSIS = YES;
				CLANG_WARN_STRICT_PROTOTYPES = YES;
				CLANG_WARN_SUSPICIOUS_MOVE = YES;
				CLANG_WARN_UNGUARDED_AVAILABILITY = YES_AGGRESSIVE;
				CLANG_WARN_UNREACHABLE_CODE = YES;
				CLANG_WARN__DUPLICATE_METHOD_MATCH = YES;
				CODE_SIGN_IDENTITY = "iPhone Developer";
				COPY_PHASE_STRIP = NO;
				DEBUG_INFORMATION_FORMAT = "dwarf-with-dsym";
				ENABLE_NS_ASSERTIONS = NO;
				ENABLE_STRICT_OBJC_MSGSEND = YES;
				GCC_C_LANGUAGE_STANDARD = gnu11;
				GCC_NO_COMMON_BLOCKS = YES;
				GCC_WARN_64_TO_32_BIT_CONVERSION = YES;
				GCC_WARN_ABOUT_RETURN_TYPE = YES_ERROR;
				GCC_WARN_UNDECLARED_SELECTOR = YES;
				GCC_WARN_UNINITIALIZED_AUTOS = YES_AGGRESSIVE;
				GCC_WARN_UNUSED_FUNCTION = YES;
				GCC_WARN_UNUSED_VARIABLE = YES;
				IPHONEOS_DEPLOYMENT_TARGET = 11.1;
				MTL_ENABLE_DEBUG_INFO = NO;
				SDKROOT = iphoneos;
				SWIFT_OPTIMIZATION_LEVEL = "-Owholemodule";
				VALIDATE_PRODUCT = YES;
			};
			name = Release;
		};
		BFF4E86D1FBBCE570029D5EF /* Debug */ = {
			isa = XCBuildConfiguration;
			baseConfigurationReference = 11EF159DC68233F7ABC9DBE2 /* Pods-pomodorable.debug.xcconfig */;
			buildSettings = {
				ASSETCATALOG_COMPILER_APPICON_NAME = AppIcon;
				CODE_SIGN_STYLE = Automatic;
				INFOPLIST_FILE = pomodorable/Info.plist;
				IPHONEOS_DEPLOYMENT_TARGET = 10.1;
				LD_RUNPATH_SEARCH_PATHS = "$(inherited) @executable_path/Frameworks";
				PRODUCT_BUNDLE_IDENTIFIER = peiyao.pomodorable.com.pomodorable;
				PRODUCT_NAME = "$(TARGET_NAME)";
				SWIFT_VERSION = 4.0;
				TARGETED_DEVICE_FAMILY = "1,2";
			};
			name = Debug;
		};
		BFF4E86E1FBBCE570029D5EF /* Release */ = {
			isa = XCBuildConfiguration;
			baseConfigurationReference = B78FB3869E0D81492B696658 /* Pods-pomodorable.release.xcconfig */;
			buildSettings = {
				ASSETCATALOG_COMPILER_APPICON_NAME = AppIcon;
				CODE_SIGN_STYLE = Automatic;
				INFOPLIST_FILE = pomodorable/Info.plist;
				IPHONEOS_DEPLOYMENT_TARGET = 10.1;
				LD_RUNPATH_SEARCH_PATHS = "$(inherited) @executable_path/Frameworks";
				PRODUCT_BUNDLE_IDENTIFIER = peiyao.pomodorable.com.pomodorable;
				PRODUCT_NAME = "$(TARGET_NAME)";
				SWIFT_VERSION = 4.0;
				TARGETED_DEVICE_FAMILY = "1,2";
			};
			name = Release;
		};
/* End XCBuildConfiguration section */

/* Begin XCConfigurationList section */
		BFF4E8551FBBCE560029D5EF /* Build configuration list for PBXProject "pomodorable" */ = {
			isa = XCConfigurationList;
			buildConfigurations = (
				BFF4E86A1FBBCE570029D5EF /* Debug */,
				BFF4E86B1FBBCE570029D5EF /* Release */,
			);
			defaultConfigurationIsVisible = 0;
			defaultConfigurationName = Release;
		};
		BFF4E86C1FBBCE570029D5EF /* Build configuration list for PBXNativeTarget "pomodorable" */ = {
			isa = XCConfigurationList;
			buildConfigurations = (
				BFF4E86D1FBBCE570029D5EF /* Debug */,
				BFF4E86E1FBBCE570029D5EF /* Release */,
			);
			defaultConfigurationIsVisible = 0;
			defaultConfigurationName = Release;
		};
/* End XCConfigurationList section */
	};
	rootObject = BFF4E8521FBBCE560029D5EF /* Project object */;
}
